
Microsoft Visual Studio Solution File, Format Version 12.00
# Visual Studio 15
VisualStudioVersion = 15.0.28307.902
MinimumVisualStudioVersion = 10.0.40219.1
Project("{FAE04EC0-301F-11D3-BF4B-00C04F79EFBC}") = "exercise_2_1_1", "exercise_2_1_1\exercise_2_1_1.csproj", "{08E14709-D761-4F48-8827-422FC1B05815}"
EndProject
Project("{FAE04EC0-301F-11D3-BF4B-00C04F79EFBC}") = "exercise_2_1_1.Tests", "exercise_2_1_1.Tests\exercise_2_1_1.Tests.csproj", "{AEB40586-18DA-4707-951A-356E963428DF}"
EndProject
Global
	GlobalSection(SolutionConfigurationPlatforms) = preSolution
		Debug|Any CPU = Debug|Any CPU
		Release|Any CPU = Release|Any CPU
	EndGlobalSection
	GlobalSection(ProjectConfigurationPlatforms) = postSolution
		{08E14709-D761-4F48-8827-422FC1B05815}.Debug|Any CPU.ActiveCfg = Debug|Any CPU
		{08E14709-D761-4F48-8827-422FC1B05815}.Debug|Any CPU.Build.0 = Debug|Any CPU
		{08E14709-D761-4F48-8827-422FC1B05815}.Release|Any CPU.ActiveCfg = Release|Any CPU
		{08E14709-D761-4F48-8827-422FC1B05815}.Release|Any CPU.Build.0 = Release|Any CPU
		{AEB40586-18DA-4707-951A-356E963428DF}.Debug|Any CPU.ActiveCfg = Debug|Any CPU
		{AEB40586-18DA-4707-951A-356E963428DF}.Debug|Any CPU.Build.0 = Debug|Any CPU
		{AEB40586-18DA-4707-951A-356E963428DF}.Release|Any CPU.ActiveCfg = Release|Any CPU
		{AEB40586-18DA-4707-951A-356E963428DF}.Release|Any CPU.Build.0 = Release|Any CPU
	EndGlobalSection
	GlobalSection(SolutionProperties) = preSolution
		HideSolutionNode = FALSE
	EndGlobalSection
	GlobalSection(ExtensibilityGlobals) = postSolution
		SolutionGuid = {15498BC7-EDCF-421E-AA15-EE4507301C30}
	EndGlobalSection
EndGlobal
